
Microsoft Visual Studio Solution File, Format Version 12.00
# Visual Studio Version 17
VisualStudioVersion = 17.8.34322.80
MinimumVisualStudioVersion = 10.0.40219.1
Project("{FAE04EC0-301F-11D3-BF4B-00C04F79EFBC}") = "ChainOfResponsibility", "ChainOfResponsibility\ChainOfResponsibility.csproj", "{438BE20D-0EFE-422A-A014-23890C6D049B}"
EndProject
Global
	GlobalSection(SolutionConfigurationPlatforms) = preSolution
		Debug|Any CPU = Debug|Any CPU
		Release|Any CPU = Release|Any CPU
	EndGlobalSection
	GlobalSection(ProjectConfigurationPlatforms) = postSolution
		{438BE20D-0EFE-422A-A014-23890C6D049B}.Debug|Any CPU.ActiveCfg = Debug|Any CPU
		{438BE20D-0EFE-422A-A014-23890C6D049B}.Debug|Any CPU.Build.0 = Debug|Any CPU
		{438BE20D-0EFE-422A-A014-23890C6D049B}.Release|Any CPU.ActiveCfg = Release|Any CPU
		{438BE20D-0EFE-422A-A014-23890C6D049B}.Release|Any CPU.Build.0 = Release|Any CPU
	EndGlobalSection
	GlobalSection(SolutionProperties) = preSolution
		HideSolutionNode = FALSE
	EndGlobalSection
	GlobalSection(ExtensibilityGlobals) = postSolution
		SolutionGuid = {8A409035-C115-46B2-84E6-E69E947E2131}
	EndGlobalSection
EndGlobal
